
Microsoft Visual Studio Solution File, Format Version 12.00
# Visual Studio Version 17
VisualStudioVersion = 17.2.32630.192
MinimumVisualStudioVersion = 10.0.40219.1
Project("{FAE04EC0-301F-11D3-BF4B-00C04F79EFBC}") = "RestSharp Automation", "RestSharp Automation.csproj", "{E9BFFE26-F539-4950-80E4-E33E83B6473F}"
EndProject
Global
	GlobalSection(SolutionConfigurationPlatforms) = preSolution
		Debug|Any CPU = Debug|Any CPU
		Release|Any CPU = Release|Any CPU
	EndGlobalSection
	GlobalSection(ProjectConfigurationPlatforms) = postSolution
		{E9BFFE26-F539-4950-80E4-E33E83B6473F}.Debug|Any CPU.ActiveCfg = Debug|Any CPU
		{E9BFFE26-F539-4950-80E4-E33E83B6473F}.Debug|Any CPU.Build.0 = Debug|Any CPU
		{E9BFFE26-F539-4950-80E4-E33E83B6473F}.Release|Any CPU.ActiveCfg = Release|Any CPU
		{E9BFFE26-F539-4950-80E4-E33E83B6473F}.Release|Any CPU.Build.0 = Release|Any CPU
	EndGlobalSection
	GlobalSection(SolutionProperties) = preSolution
		HideSolutionNode = FALSE
	EndGlobalSection
	GlobalSection(ExtensibilityGlobals) = postSolution
		SolutionGuid = {8CCE4EBF-1435-4D13-8684-431F65B7D5E1}
	EndGlobalSection
EndGlobal
